
Microsoft Visual Studio Solution File, Format Version 12.00
# Visual Studio Version 16
VisualStudioVersion = 16.0.30615.102
MinimumVisualStudioVersion = 10.0.40219.1
Project("{FAE04EC0-301F-11D3-BF4B-00C04F79EFBC}") = "DynamicGrid", "DynamicGrid\DynamicGrid.csproj", "{0DE47319-A48A-42DC-8065-BA65C9FC3C58}"
EndProject
Project("{FAE04EC0-301F-11D3-BF4B-00C04F79EFBC}") = "DynamicGrid.ExampleApp", "DynamicGrid.ExampleApp\DynamicGrid.ExampleApp.csproj", "{7DF6D3BB-ECCA-4923-964B-8C20A2659456}"
EndProject
Global
	GlobalSection(SolutionConfigurationPlatforms) = preSolution
		Debug|Any CPU = Debug|Any CPU
		Release|Any CPU = Release|Any CPU
	EndGlobalSection
	GlobalSection(ProjectConfigurationPlatforms) = postSolution
		{0DE47319-A48A-42DC-8065-BA65C9FC3C58}.Debug|Any CPU.ActiveCfg = Debug|Any CPU
		{0DE47319-A48A-42DC-8065-BA65C9FC3C58}.Debug|Any CPU.Build.0 = Debug|Any CPU
		{0DE47319-A48A-42DC-8065-BA65C9FC3C58}.Release|Any CPU.ActiveCfg = Release|Any CPU
		{0DE47319-A48A-42DC-8065-BA65C9FC3C58}.Release|Any CPU.Build.0 = Release|Any CPU
		{7DF6D3BB-ECCA-4923-964B-8C20A2659456}.Debug|Any CPU.ActiveCfg = Debug|Any CPU
		{7DF6D3BB-ECCA-4923-964B-8C20A2659456}.Debug|Any CPU.Build.0 = Debug|Any CPU
		{7DF6D3BB-ECCA-4923-964B-8C20A2659456}.Release|Any CPU.ActiveCfg = Release|Any CPU
		{7DF6D3BB-ECCA-4923-964B-8C20A2659456}.Release|Any CPU.Build.0 = Release|Any CPU
	EndGlobalSection
	GlobalSection(SolutionProperties) = preSolution
		HideSolutionNode = FALSE
	EndGlobalSection
	GlobalSection(ExtensibilityGlobals) = postSolution
		SolutionGuid = {C10EE4B3-58C3-453A-BACC-CCB920876B33}
	EndGlobalSection
EndGlobal
